
Microsoft Visual Studio Solution File, Format Version 12.00
# Visual Studio Version 17
VisualStudioVersion = 17.5.33414.496
MinimumVisualStudioVersion = 10.0.40219.1
Project("{FAE04EC0-301F-11D3-BF4B-00C04F79EFBC}") = "MedicalScan", "MedicalScan\MedicalScan.csproj", "{E9E3F614-B5C0-4931-8FDB-0D309A50BD1F}"
EndProject
Global
	GlobalSection(SolutionConfigurationPlatforms) = preSolution
		Debug|Any CPU = Debug|Any CPU
		Release|Any CPU = Release|Any CPU
	EndGlobalSection
	GlobalSection(ProjectConfigurationPlatforms) = postSolution
		{E9E3F614-B5C0-4931-8FDB-0D309A50BD1F}.Debug|Any CPU.ActiveCfg = Debug|Any CPU
		{E9E3F614-B5C0-4931-8FDB-0D309A50BD1F}.Debug|Any CPU.Build.0 = Debug|Any CPU
		{E9E3F614-B5C0-4931-8FDB-0D309A50BD1F}.Release|Any CPU.ActiveCfg = Release|Any CPU
		{E9E3F614-B5C0-4931-8FDB-0D309A50BD1F}.Release|Any CPU.Build.0 = Release|Any CPU
	EndGlobalSection
	GlobalSection(SolutionProperties) = preSolution
		HideSolutionNode = FALSE
	EndGlobalSection
	GlobalSection(ExtensibilityGlobals) = postSolution
		SolutionGuid = {D997E8CB-A54C-4C86-9181-FCCF3693358C}
	EndGlobalSection
EndGlobal
